{
  "name": "agent-ssh-cli",
  "version": "0.3.3",
  "lockfileVersion": 3,
  "requires": true,
  "packages": {
    "": {
      "name": "agent-ssh-cli",
      "version": "0.3.3",
      "bin": {
        "agentsshcli": "bin/agentsshcli.js"
      },
      "engines": {
        "node": ">=18",
        "npm": ">=8"
      },
      "optionalDependencies": {
        "@agent-ssh-cli/darwin-arm64": "0.3.3",
        "@agent-ssh-cli/darwin-x64": "0.3.3",
        "@agent-ssh-cli/linux-arm64": "0.3.3",
        "@agent-ssh-cli/linux-x64": "0.3.3",
        "@agent-ssh-cli/win32-x64": "0.3.3"
      }
    },
    "node_modules/@agent-ssh-cli/darwin-arm64": {
      "version": "0.3.3",
      "resolved": "https://registry.npmjs.org/@agent-ssh-cli/darwin-arm64/-/darwin-arm64-0.3.3.tgz",
      "integrity": "sha512-AXZ8PB3+WkYvXvlmf1qlGkIWBizYimaI4ngtLEFjxvmglFtrlpz2c+rkpcY84C/u3EUURYOJsLiQyp0MSSUmiQ==",
      "cpu": [
        "arm64"
      ],
      "license": "MIT",
      "optional": true,
      "os": [
        "darwin"
      ]
    },
    "node_modules/@agent-ssh-cli/darwin-x64": {
      "optional": true
    },
    "node_modules/@agent-ssh-cli/linux-arm64": {
      "optional": true
    },
    "node_modules/@agent-ssh-cli/linux-x64": {
      "optional": true
    },
    "node_modules/@agent-ssh-cli/win32-x64": {
      "optional": true
    }
  }
}
