{
  "name": "agent-ssh-cli",
  "version": "0.2.6",
  "lockfileVersion": 3,
  "requires": true,
  "packages": {
    "": {
      "name": "agent-ssh-cli",
      "version": "0.2.6",
      "bin": {
        "agentsshcli": "bin/agentsshcli.js"
      },
      "engines": {
        "node": ">=18",
        "npm": ">=8"
      },
      "optionalDependencies": {
        "@agent-ssh-cli/darwin-arm64": "0.2.6",
        "@agent-ssh-cli/darwin-x64": "0.2.6",
        "@agent-ssh-cli/linux-arm64": "0.2.6",
        "@agent-ssh-cli/linux-x64": "0.2.6",
        "@agent-ssh-cli/win32-x64": "0.2.6"
      }
    },
    "node_modules/@agent-ssh-cli/darwin-arm64": {
      "version": "0.2.6",
      "resolved": "https://registry.npmjs.org/@agent-ssh-cli/darwin-arm64/-/darwin-arm64-0.2.4.tgz",
      "integrity": "sha512-9GM/mFtTL2YuJJzJVv257MsYyqkDs0YM4YHydZtwb8ERZULOUgPoCwBRXW91MsJUngD5kE/+iqK9/EqUU7d84Q==",
      "cpu": [
        "arm64"
      ],
      "license": "MIT",
      "optional": true,
      "os": [
        "darwin"
      ]
    },
    "node_modules/@agent-ssh-cli/darwin-x64": {
      "version": "0.2.6",
      "resolved": "https://registry.npmjs.org/@agent-ssh-cli/darwin-x64/-/darwin-x64-0.2.4.tgz",
      "integrity": "sha512-QHe/iSnVDiNgCGGcNyxESi4oWunOJg0rk5VQayIWisyeP5U18lNyylMu1da7n1zdiaCx2vK15+1kxOryQNK8eA==",
      "cpu": [
        "x64"
      ],
      "license": "MIT",
      "optional": true,
      "os": [
        "darwin"
      ]
    },
    "node_modules/@agent-ssh-cli/linux-arm64": {
      "version": "0.2.6",
      "resolved": "https://registry.npmjs.org/@agent-ssh-cli/linux-arm64/-/linux-arm64-0.2.4.tgz",
      "integrity": "sha512-skkompYngIjE2AkIOIOc4AarfPyO9O5grsJ5tepXq0Tu7fcA5WawEAdajIV9L+LclKdNXBTZhKJGSztnxPiEBA==",
      "cpu": [
        "arm64"
      ],
      "license": "MIT",
      "optional": true,
      "os": [
        "linux"
      ]
    },
    "node_modules/@agent-ssh-cli/linux-x64": {
      "version": "0.2.6",
      "resolved": "https://registry.npmjs.org/@agent-ssh-cli/linux-x64/-/linux-x64-0.2.4.tgz",
      "integrity": "sha512-SWUacA/7PED3o0Vu4gWDuK9K/1Dqm2RRPhQZyteJxslNcPl5lIjpWIndIHN4VVlwP0mDIGp5KDBpI1wVgSts/g==",
      "cpu": [
        "x64"
      ],
      "license": "MIT",
      "optional": true,
      "os": [
        "linux"
      ]
    },
    "node_modules/@agent-ssh-cli/win32-x64": {
      "version": "0.2.6",
      "resolved": "https://registry.npmjs.org/@agent-ssh-cli/win32-x64/-/win32-x64-0.2.4.tgz",
      "integrity": "sha512-fQsoPzWmJFX7LTbpEZh0qr6lchjPWU562UW+CzJ/jlC6xvlSqwqQ9LtgcIYUNcCam37p5qAMphURur9G3B1Pew==",
      "cpu": [
        "x64"
      ],
      "license": "MIT",
      "optional": true,
      "os": [
        "win32"
      ]
    }
  }
}
